
Microsoft Visual Studio Solution File, Format Version 12.00
# Visual Studio Version 17
VisualStudioVersion = 17.14.36203.30
MinimumVisualStudioVersion = 10.0.40219.1
Project("{FAE04EC0-301F-11D3-BF4B-00C04F79EFBC}") = "EF10_NewFeatureDemos", "EF10_NewFeatureDemos\EF10_NewFeatureDemos.csproj", "{C3030EEA-B5DF-481C-9555-3E921D1D8BB3}"
EndProject
Project("{FAE04EC0-301F-11D3-BF4B-00C04F79EFBC}") = "EF10_NewFeaturesDbLibrary", "EF10_NewFeaturesDbLibrary\EF10_NewFeaturesDbLibrary.csproj", "{3532805C-2946-478C-B891-452B1632C7C1}"
EndProject
Project("{FAE04EC0-301F-11D3-BF4B-00C04F79EFBC}") = "EF10_NewFeaturesModels", "EF10_NewFeaturesModels\EF10_NewFeaturesModels.csproj", "{8427AAA6-6ADD-4F12-B6EA-2731F822952E}"
EndProject
Global
	GlobalSection(SolutionConfigurationPlatforms) = preSolution
		Debug|Any CPU = Debug|Any CPU
		Release|Any CPU = Release|Any CPU
	EndGlobalSection
	GlobalSection(ProjectConfigurationPlatforms) = postSolution
		{C3030EEA-B5DF-481C-9555-3E921D1D8BB3}.Debug|Any CPU.ActiveCfg = Debug|Any CPU
		{C3030EEA-B5DF-481C-9555-3E921D1D8BB3}.Debug|Any CPU.Build.0 = Debug|Any CPU
		{C3030EEA-B5DF-481C-9555-3E921D1D8BB3}.Release|Any CPU.ActiveCfg = Release|Any CPU
		{C3030EEA-B5DF-481C-9555-3E921D1D8BB3}.Release|Any CPU.Build.0 = Release|Any CPU
		{3532805C-2946-478C-B891-452B1632C7C1}.Debug|Any CPU.ActiveCfg = Debug|Any CPU
		{3532805C-2946-478C-B891-452B1632C7C1}.Debug|Any CPU.Build.0 = Debug|Any CPU
		{3532805C-2946-478C-B891-452B1632C7C1}.Release|Any CPU.ActiveCfg = Release|Any CPU
		{3532805C-2946-478C-B891-452B1632C7C1}.Release|Any CPU.Build.0 = Release|Any CPU
		{8427AAA6-6ADD-4F12-B6EA-2731F822952E}.Debug|Any CPU.ActiveCfg = Debug|Any CPU
		{8427AAA6-6ADD-4F12-B6EA-2731F822952E}.Debug|Any CPU.Build.0 = Debug|Any CPU
		{8427AAA6-6ADD-4F12-B6EA-2731F822952E}.Release|Any CPU.ActiveCfg = Release|Any CPU
		{8427AAA6-6ADD-4F12-B6EA-2731F822952E}.Release|Any CPU.Build.0 = Release|Any CPU
	EndGlobalSection
	GlobalSection(SolutionProperties) = preSolution
		HideSolutionNode = FALSE
	EndGlobalSection
	GlobalSection(ExtensibilityGlobals) = postSolution
		SolutionGuid = {DD7BBA6C-1060-48AF-B61C-81EB1C45E0D0}
	EndGlobalSection
EndGlobal
